
Microsoft Visual Studio Solution File, Format Version 12.00
# Visual Studio Version 17
VisualStudioVersion = 17.5.33424.131
MinimumVisualStudioVersion = 10.0.40219.1
Project("{FAE04EC0-301F-11D3-BF4B-00C04F79EFBC}") = "benzinotomasyonu", "benzinotomasyonu.csproj", "{C1D449D1-BCD6-4442-9B08-616D15BE0ADB}"
EndProject
Global
	GlobalSection(SolutionConfigurationPlatforms) = preSolution
		Debug|Any CPU = Debug|Any CPU
		Release|Any CPU = Release|Any CPU
	EndGlobalSection
	GlobalSection(ProjectConfigurationPlatforms) = postSolution
		{C1D449D1-BCD6-4442-9B08-616D15BE0ADB}.Debug|Any CPU.ActiveCfg = Debug|Any CPU
		{C1D449D1-BCD6-4442-9B08-616D15BE0ADB}.Debug|Any CPU.Build.0 = Debug|Any CPU
		{C1D449D1-BCD6-4442-9B08-616D15BE0ADB}.Release|Any CPU.ActiveCfg = Release|Any CPU
		{C1D449D1-BCD6-4442-9B08-616D15BE0ADB}.Release|Any CPU.Build.0 = Release|Any CPU
	EndGlobalSection
	GlobalSection(SolutionProperties) = preSolution
		HideSolutionNode = FALSE
	EndGlobalSection
	GlobalSection(ExtensibilityGlobals) = postSolution
		SolutionGuid = {F849EA50-A4C0-4DCB-BE33-DA725E2FB1EE}
	EndGlobalSection
EndGlobal
